
Microsoft Visual Studio Solution File, Format Version 12.00
# Visual Studio Version 16
VisualStudioVersion = 16.0.29123.88
MinimumVisualStudioVersion = 10.0.40219.1
Project("{FAE04EC0-301F-11D3-BF4B-00C04F79EFBC}") = "Task2", "Task2.csproj", "{5DB8E5CD-36AE-431D-8D6A-534247C46CCD}"
EndProject
Global
	GlobalSection(SolutionConfigurationPlatforms) = preSolution
		Debug|Any CPU = Debug|Any CPU
		Release|Any CPU = Release|Any CPU
	EndGlobalSection
	GlobalSection(ProjectConfigurationPlatforms) = postSolution
		{5DB8E5CD-36AE-431D-8D6A-534247C46CCD}.Debug|Any CPU.ActiveCfg = Debug|Any CPU
		{5DB8E5CD-36AE-431D-8D6A-534247C46CCD}.Debug|Any CPU.Build.0 = Debug|Any CPU
		{5DB8E5CD-36AE-431D-8D6A-534247C46CCD}.Release|Any CPU.ActiveCfg = Release|Any CPU
		{5DB8E5CD-36AE-431D-8D6A-534247C46CCD}.Release|Any CPU.Build.0 = Release|Any CPU
	EndGlobalSection
	GlobalSection(SolutionProperties) = preSolution
		HideSolutionNode = FALSE
	EndGlobalSection
	GlobalSection(ExtensibilityGlobals) = postSolution
		SolutionGuid = {2CB92757-060D-4804-9660-824CC347FA1D}
	EndGlobalSection
EndGlobal
